{
  "name": "highchartsexercise",
  "version": "1.0.0",
  "lockfileVersion": 1,
  "requires": true,
  "dependencies": {
    "highcharts": {
      "version": "8.0.3",
      "resolved": "https://lht.app.lufthansa.com/artifactory/api/npm/npm-repos/highcharts/-/highcharts-8.0.3.tgz",
      "integrity": "sha1-DBqq5RynJUCXSieM+SCuBeZXXGk="
    }
  }
}
